{
  "name": "HICC-Website-Production-Frontend",
  "lockfileVersion": 2,
  "requires": true,
  "packages": {
    "": {
      "dependencies": {
        "moment": "^2.29.4",
        "package.json": "^0.0.0"
      }
    },
    "node_modules/moment": {
      "version": "2.29.4",
      "resolved": "https://registry.npmjs.org/moment/-/moment-2.29.4.tgz",
      "integrity": "sha512-5LC9SOxjSc2HF6vO2CyuTDNivEdoz2IvyJJGj6X8DJ0eFyfszE0QiEd+iXmBvUP3WHxSjFH/vIsA0EN00cgr8w==",
      "engines": {
        "node": "*"
      }
    },
    "node_modules/package.json": {
      "version": "0.0.0",
      "resolved": "https://registry.npmjs.org/package.json/-/package.json-0.0.0.tgz",
      "integrity": "sha512-4IJoBrMPxhC4cWwViXg7omAK6E/QD3F/DfmD1g20EI4AcV6V/KG5NqqLC2xjCclY1N5V7D+j6rJxi4mXyxIsMg==",
      "deprecated": "Use pkg.json instead."
    }
  },
  "dependencies": {
    "moment": {
      "version": "2.29.4",
      "resolved": "https://registry.npmjs.org/moment/-/moment-2.29.4.tgz",
      "integrity": "sha512-5LC9SOxjSc2HF6vO2CyuTDNivEdoz2IvyJJGj6X8DJ0eFyfszE0QiEd+iXmBvUP3WHxSjFH/vIsA0EN00cgr8w=="
    },
    "package.json": {
      "version": "0.0.0",
      "resolved": "https://registry.npmjs.org/package.json/-/package.json-0.0.0.tgz",
      "integrity": "sha512-4IJoBrMPxhC4cWwViXg7omAK6E/QD3F/DfmD1g20EI4AcV6V/KG5NqqLC2xjCclY1N5V7D+j6rJxi4mXyxIsMg=="
    }
  }
}
